
Microsoft Visual Studio Solution File, Format Version 12.00
# Visual Studio Version 17
VisualStudioVersion = 17.1.32210.238
MinimumVisualStudioVersion = 10.0.40219.1
Project("{FAE04EC0-301F-11D3-BF4B-00C04F79EFBC}") = "OwlGram Desktop", "OwlGram Desktop.csproj", "{F347659A-E455-4E96-82E0-2BE468BD3442}"
EndProject
Global
	GlobalSection(SolutionConfigurationPlatforms) = preSolution
		Debug|ARM = Debug|ARM
		Debug|ARM64 = Debug|ARM64
		Debug|x64 = Debug|x64
		Debug|x86 = Debug|x86
		Release|ARM = Release|ARM
		Release|ARM64 = Release|ARM64
		Release|x64 = Release|x64
		Release|x86 = Release|x86
	EndGlobalSection
	GlobalSection(ProjectConfigurationPlatforms) = postSolution
		{F347659A-E455-4E96-82E0-2BE468BD3442}.Debug|ARM.ActiveCfg = Debug|ARM
		{F347659A-E455-4E96-82E0-2BE468BD3442}.Debug|ARM.Build.0 = Debug|ARM
		{F347659A-E455-4E96-82E0-2BE468BD3442}.Debug|ARM.Deploy.0 = Debug|ARM
		{F347659A-E455-4E96-82E0-2BE468BD3442}.Debug|ARM64.ActiveCfg = Debug|ARM64
		{F347659A-E455-4E96-82E0-2BE468BD3442}.Debug|ARM64.Build.0 = Debug|ARM64
		{F347659A-E455-4E96-82E0-2BE468BD3442}.Debug|ARM64.Deploy.0 = Debug|ARM64
		{F347659A-E455-4E96-82E0-2BE468BD3442}.Debug|x64.ActiveCfg = Debug|x64
		{F347659A-E455-4E96-82E0-2BE468BD3442}.Debug|x64.Build.0 = Debug|x64
		{F347659A-E455-4E96-82E0-2BE468BD3442}.Debug|x64.Deploy.0 = Debug|x64
		{F347659A-E455-4E96-82E0-2BE468BD3442}.Debug|x86.ActiveCfg = Debug|x86
		{F347659A-E455-4E96-82E0-2BE468BD3442}.Debug|x86.Build.0 = Debug|x86
		{F347659A-E455-4E96-82E0-2BE468BD3442}.Debug|x86.Deploy.0 = Debug|x86
		{F347659A-E455-4E96-82E0-2BE468BD3442}.Release|ARM.ActiveCfg = Release|ARM
		{F347659A-E455-4E96-82E0-2BE468BD3442}.Release|ARM.Build.0 = Release|ARM
		{F347659A-E455-4E96-82E0-2BE468BD3442}.Release|ARM.Deploy.0 = Release|ARM
		{F347659A-E455-4E96-82E0-2BE468BD3442}.Release|ARM64.ActiveCfg = Release|ARM64
		{F347659A-E455-4E96-82E0-2BE468BD3442}.Release|ARM64.Build.0 = Release|ARM64
		{F347659A-E455-4E96-82E0-2BE468BD3442}.Release|ARM64.Deploy.0 = Release|ARM64
		{F347659A-E455-4E96-82E0-2BE468BD3442}.Release|x64.ActiveCfg = Release|x64
		{F347659A-E455-4E96-82E0-2BE468BD3442}.Release|x64.Build.0 = Release|x64
		{F347659A-E455-4E96-82E0-2BE468BD3442}.Release|x64.Deploy.0 = Release|x64
		{F347659A-E455-4E96-82E0-2BE468BD3442}.Release|x86.ActiveCfg = Release|x86
		{F347659A-E455-4E96-82E0-2BE468BD3442}.Release|x86.Build.0 = Release|x86
		{F347659A-E455-4E96-82E0-2BE468BD3442}.Release|x86.Deploy.0 = Release|x86
	EndGlobalSection
	GlobalSection(SolutionProperties) = preSolution
		HideSolutionNode = FALSE
	EndGlobalSection
	GlobalSection(ExtensibilityGlobals) = postSolution
		SolutionGuid = {D710F3F3-74AE-4407-95AD-2C5DC6F3C121}
	EndGlobalSection
EndGlobal
